
Microsoft Visual Studio Solution File, Format Version 12.00
# Visual Studio Version 16
VisualStudioVersion = 16.0.29418.71
MinimumVisualStudioVersion = 10.0.40219.1
Project("{FAE04EC0-301F-11D3-BF4B-00C04F79EFBC}") = "CollatzGraph", "CollatzGraph\CollatzGraph.csproj", "{372ED6A5-5775-4FA6-89B5-A4F20BE6DF3D}"
EndProject
Global
	GlobalSection(SolutionConfigurationPlatforms) = preSolution
		Debug|Any CPU = Debug|Any CPU
		Release|Any CPU = Release|Any CPU
	EndGlobalSection
	GlobalSection(ProjectConfigurationPlatforms) = postSolution
		{372ED6A5-5775-4FA6-89B5-A4F20BE6DF3D}.Debug|Any CPU.ActiveCfg = Debug|Any CPU
		{372ED6A5-5775-4FA6-89B5-A4F20BE6DF3D}.Debug|Any CPU.Build.0 = Debug|Any CPU
		{372ED6A5-5775-4FA6-89B5-A4F20BE6DF3D}.Release|Any CPU.ActiveCfg = Release|Any CPU
		{372ED6A5-5775-4FA6-89B5-A4F20BE6DF3D}.Release|Any CPU.Build.0 = Release|Any CPU
	EndGlobalSection
	GlobalSection(SolutionProperties) = preSolution
		HideSolutionNode = FALSE
	EndGlobalSection
	GlobalSection(ExtensibilityGlobals) = postSolution
		SolutionGuid = {558FAD9B-0E97-4A5E-A945-C15CA1315CCA}
	EndGlobalSection
EndGlobal
